
Microsoft Visual Studio Solution File, Format Version 12.00
# Visual Studio 15
VisualStudioVersion = 15.0.28010.2036
MinimumVisualStudioVersion = 10.0.40219.1
Project("{9A19103F-16F7-4668-BE54-9A1E7A4F7556}") = "BattleNetClient", "BattleNetClient\BattleNetClient.csproj", "{AB9B4B14-10BF-47C9-8436-F5CC98751A75}"
EndProject
Project("{9A19103F-16F7-4668-BE54-9A1E7A4F7556}") = "BattleNetClient.Tests", "BattleNetClient.Tests\BattleNetClient.Tests.csproj", "{A70979DA-F2E1-4E09-A097-18A9EB6C29B2}"
EndProject
Project("{FAE04EC0-301F-11D3-BF4B-00C04F79EFBC}") = "BattleNetClient.Testing", "BattleNetClient.Testing\BattleNetClient.Testing.csproj", "{95C06F4B-080A-437F-877A-D0C09DF8A54B}"
EndProject
Global
	GlobalSection(SolutionConfigurationPlatforms) = preSolution
		Debug|Any CPU = Debug|Any CPU
		Release|Any CPU = Release|Any CPU
	EndGlobalSection
	GlobalSection(ProjectConfigurationPlatforms) = postSolution
		{AB9B4B14-10BF-47C9-8436-F5CC98751A75}.Debug|Any CPU.ActiveCfg = Debug|Any CPU
		{AB9B4B14-10BF-47C9-8436-F5CC98751A75}.Debug|Any CPU.Build.0 = Debug|Any CPU
		{AB9B4B14-10BF-47C9-8436-F5CC98751A75}.Release|Any CPU.ActiveCfg = Release|Any CPU
		{AB9B4B14-10BF-47C9-8436-F5CC98751A75}.Release|Any CPU.Build.0 = Release|Any CPU
		{A70979DA-F2E1-4E09-A097-18A9EB6C29B2}.Debug|Any CPU.ActiveCfg = Debug|Any CPU
		{A70979DA-F2E1-4E09-A097-18A9EB6C29B2}.Debug|Any CPU.Build.0 = Debug|Any CPU
		{A70979DA-F2E1-4E09-A097-18A9EB6C29B2}.Release|Any CPU.ActiveCfg = Release|Any CPU
		{A70979DA-F2E1-4E09-A097-18A9EB6C29B2}.Release|Any CPU.Build.0 = Release|Any CPU
		{95C06F4B-080A-437F-877A-D0C09DF8A54B}.Debug|Any CPU.ActiveCfg = Debug|Any CPU
		{95C06F4B-080A-437F-877A-D0C09DF8A54B}.Debug|Any CPU.Build.0 = Debug|Any CPU
		{95C06F4B-080A-437F-877A-D0C09DF8A54B}.Release|Any CPU.ActiveCfg = Release|Any CPU
		{95C06F4B-080A-437F-877A-D0C09DF8A54B}.Release|Any CPU.Build.0 = Release|Any CPU
	EndGlobalSection
	GlobalSection(SolutionProperties) = preSolution
		HideSolutionNode = FALSE
	EndGlobalSection
	GlobalSection(ExtensibilityGlobals) = postSolution
		SolutionGuid = {783F26D3-E10E-4EE8-8026-00A16D1B264E}
	EndGlobalSection
EndGlobal
